
Microsoft Visual Studio Solution File, Format Version 12.00
# Visual Studio Version 17
VisualStudioVersion = 17.5.33424.131
MinimumVisualStudioVersion = 10.0.40219.1
Project("{FAE04EC0-301F-11D3-BF4B-00C04F79EFBC}") = "BolsaEmpleo", "BolsaEmpleo\BolsaEmpleo.csproj", "{FAEDA4E9-0168-4872-ABE1-C04BB186F92B}"
EndProject
Global
	GlobalSection(SolutionConfigurationPlatforms) = preSolution
		Debug|Any CPU = Debug|Any CPU
		Release|Any CPU = Release|Any CPU
	EndGlobalSection
	GlobalSection(ProjectConfigurationPlatforms) = postSolution
		{FAEDA4E9-0168-4872-ABE1-C04BB186F92B}.Debug|Any CPU.ActiveCfg = Debug|Any CPU
		{FAEDA4E9-0168-4872-ABE1-C04BB186F92B}.Debug|Any CPU.Build.0 = Debug|Any CPU
		{FAEDA4E9-0168-4872-ABE1-C04BB186F92B}.Release|Any CPU.ActiveCfg = Release|Any CPU
		{FAEDA4E9-0168-4872-ABE1-C04BB186F92B}.Release|Any CPU.Build.0 = Release|Any CPU
	EndGlobalSection
	GlobalSection(SolutionProperties) = preSolution
		HideSolutionNode = FALSE
	EndGlobalSection
	GlobalSection(ExtensibilityGlobals) = postSolution
		SolutionGuid = {39E831E8-4930-41C8-A997-29A3A7FF148C}
	EndGlobalSection
EndGlobal
